// !$*UTF8*$!
{
	archiveVersion = 1;
	classes = {
	};
	objectVersion = 77;
	objects = {

/* Begin PBXBuildFile section */
		C0357E782F6E4BB100D81413 /* SwiftCheck in Frameworks */ = {isa = PBXBuildFile; productRef = C0357E772F6E4BB100D81413 /* SwiftCheck */; };
		C48814112FA2F64200E57AF4 /* ExerciseTracker-Watch Watch App.app in Embed Watch Content */ = {isa = PBXBuildFile; fileRef = C48814072FA2F64000E57AF4 /* ExerciseTracker-Watch Watch App.app */; settings = {ATTRIBUTES = (RemoveHeadersOnCopy, ); }; };
/* End PBXBuildFile section */

/* Begin PBXContainerItemProxy section */
		C0357E712F6E4B7B00D81413 /* PBXContainerItemProxy */ = {
			isa = PBXContainerItemProxy;
			containerPortal = C0357E412F6E497100D81413 /* Project object */;
			proxyType = 1;
			remoteGlobalIDString = C0357E482F6E497100D81413;
			remoteInfo = "ExerciseTracker-Kiro";
		};
		C488140F2FA2F64200E57AF4 /* PBXContainerItemProxy */ = {
			isa = PBXContainerItemProxy;
			containerPortal = C0357E412F6E497100D81413 /* Project object */;
			proxyType = 1;
			remoteGlobalIDString = C48814062FA2F64000E57AF4;
			remoteInfo = "ExerciseTracker-Watch Watch App";
		};
/* End PBXContainerItemProxy section */

/* Begin PBXCopyFilesBuildPhase section */
		C48814152FA2F64200E57AF4 /* Embed Watch Content */ = {
			isa = PBXCopyFilesBuildPhase;
			buildActionMask = 2147483647;
			dstPath = "$(CONTENTS_FOLDER_PATH)/Watch";
			dstSubfolderSpec = 16;
			files = (
				C48814112FA2F64200E57AF4 /* ExerciseTracker-Watch Watch App.app in Embed Watch Content */,
			);
			name = "Embed Watch Content";
			runOnlyForDeploymentPostprocessing = 0;
		};
/* End PBXCopyFilesBuildPhase section */

/* Begin PBXFileReference section */
		C0357E492F6E497100D81413 /* ExerciseTracker-Kiro.app */ = {isa = PBXFileReference; explicitFileType = wrapper.application; includeInIndex = 0; path = "ExerciseTracker-Kiro.app"; sourceTree = BUILT_PRODUCTS_DIR; };
		C0357E6D2F6E4B7B00D81413 /* ExerciseTrackerTests.xctest */ = {isa = PBXFileReference; explicitFileType = wrapper.cfbundle; includeInIndex = 0; path = ExerciseTrackerTests.xctest; sourceTree = BUILT_PRODUCTS_DIR; };
		C44D7F4D2F9E5EF3004C2E37 /* ExerciseTracker-Kiro.xctestplan */ = {isa = PBXFileReference; lastKnownFileType = text; path = "ExerciseTracker-Kiro.xctestplan"; sourceTree = "<group>"; };
		C48814072FA2F64000E57AF4 /* ExerciseTracker-Watch Watch App.app */ = {isa = PBXFileReference; explicitFileType = wrapper.application; includeInIndex = 0; path = "ExerciseTracker-Watch Watch App.app"; sourceTree = BUILT_PRODUCTS_DIR; };
/* End PBXFileReference section */

/* Begin PBXFileSystemSynchronizedBuildFileExceptionSet section */
		C0357EAF2F6E567E00D81413 /* Exceptions for "ExerciseTracker-Kiro" folder in "ExerciseTracker-Kiro" target */ = {
			isa = PBXFileSystemSynchronizedBuildFileExceptionSet;
			membershipExceptions = (
				Info.plist,
			);
			target = C0357E482F6E497100D81413 /* ExerciseTracker-Kiro */;
		};
/* End PBXFileSystemSynchronizedBuildFileExceptionSet section */

/* Begin PBXFileSystemSynchronizedRootGroup section */
		C0357E4B2F6E497100D81413 /* ExerciseTracker-Kiro */ = {
			isa = PBXFileSystemSynchronizedRootGroup;
			exceptions = (
				C0357EAF2F6E567E00D81413 /* Exceptions for "ExerciseTracker-Kiro" folder in "ExerciseTracker-Kiro" target */,
			);
			path = "ExerciseTracker-Kiro";
			sourceTree = "<group>";
		};
		C0357E6E2F6E4B7B00D81413 /* ExerciseTrackerTests */ = {
			isa = PBXFileSystemSynchronizedRootGroup;
			path = ExerciseTrackerTests;
			sourceTree = "<group>";
		};
		C48814082FA2F64000E57AF4 /* ExerciseTracker-Watch Watch App */ = {
			isa = PBXFileSystemSynchronizedRootGroup;
			path = "ExerciseTracker-Watch Watch App";
			sourceTree = "<group>";
		};
/* End PBXFileSystemSynchronizedRootGroup section */

/* Begin PBXFrameworksBuildPhase section */
		C0357E462F6E497100D81413 /* Frameworks */ = {
			isa = PBXFrameworksBuildPhase;
			buildActionMask = 2147483647;
			files = (
			);
			runOnlyForDeploymentPostprocessing = 0;
		};
		C0357E6A2F6E4B7B00D81413 /* Frameworks */ = {
			isa = PBXFrameworksBuildPhase;
			buildActionMask = 2147483647;
			files = (
				C0357E782F6E4BB100D81413 /* SwiftCheck in Frameworks */,
			);
			runOnlyForDeploymentPostprocessing = 0;
		};
		C48814042FA2F64000E57AF4 /* Frameworks */ = {
			isa = PBXFrameworksBuildPhase;
			buildActionMask = 2147483647;
			files = (
			);
			runOnlyForDeploymentPostprocessing = 0;
		};
/* End PBXFrameworksBuildPhase section */

/* Begin PBXGroup section */
		C0357E402F6E497100D81413 = {
			isa = PBXGroup;
			children = (
				C44D7F4D2F9E5EF3004C2E37 /* ExerciseTracker-Kiro.xctestplan */,
				C0357E4B2F6E497100D81413 /* ExerciseTracker-Kiro */,
				C0357E6E2F6E4B7B00D81413 /* ExerciseTrackerTests */,
				C48814082FA2F64000E57AF4 /* ExerciseTracker-Watch Watch App */,
				C0357E4A2F6E497100D81413 /* Products */,
			);
			sourceTree = "<group>";
		};
		C0357E4A2F6E497100D81413 /* Products */ = {
			isa = PBXGroup;
			children = (
				C0357E492F6E497100D81413 /* ExerciseTracker-Kiro.app */,
				C0357E6D2F6E4B7B00D81413 /* ExerciseTrackerTests.xctest */,
				C48814072FA2F64000E57AF4 /* ExerciseTracker-Watch Watch App.app */,
			);
			name = Products;
			sourceTree = "<group>";
		};
/* End PBXGroup section */

/* Begin PBXNativeTarget section */
		C0357E482F6E497100D81413 /* ExerciseTracker-Kiro */ = {
			isa = PBXNativeTarget;
			buildConfigurationList = C0357E562F6E497400D81413 /* Build configuration list for PBXNativeTarget "ExerciseTracker-Kiro" */;
			buildPhases = (
				C0357E452F6E497100D81413 /* Sources */,
				C0357E462F6E497100D81413 /* Frameworks */,
				C0357E472F6E497100D81413 /* Resources */,
				C48814152FA2F64200E57AF4 /* Embed Watch Content */,
			);
			buildRules = (
			);
			dependencies = (
				C48814102FA2F64200E57AF4 /* PBXTargetDependency */,
			);
			fileSystemSynchronizedGroups = (
				C0357E4B2F6E497100D81413 /* ExerciseTracker-Kiro */,
			);
			name = "ExerciseTracker-Kiro";
			packageProductDependencies = (
			);
			productName = "ExerciseTracker-Kiro";
			productReference = C0357E492F6E497100D81413 /* ExerciseTracker-Kiro.app */;
			productType = "com.apple.product-type.application";
		};
		C0357E6C2F6E4B7B00D81413 /* ExerciseTrackerTests */ = {
			isa = PBXNativeTarget;
			buildConfigurationList = C0357E732F6E4B7B00D81413 /* Build configuration list for PBXNativeTarget "ExerciseTrackerTests" */;
			buildPhases = (
				C0357E692F6E4B7B00D81413 /* Sources */,
				C0357E6A2F6E4B7B00D81413 /* Frameworks */,
				C0357E6B2F6E4B7B00D81413 /* Resources */,
			);
			buildRules = (
			);
			dependencies = (
				C0357E722F6E4B7B00D81413 /* PBXTargetDependency */,
			);
			fileSystemSynchronizedGroups = (
				C0357E6E2F6E4B7B00D81413 /* ExerciseTrackerTests */,
			);
			name = ExerciseTrackerTests;
			packageProductDependencies = (
				C0357E772F6E4BB100D81413 /* SwiftCheck */,
			);
			productName = ExerciseTrackerTests;
			productReference = C0357E6D2F6E4B7B00D81413 /* ExerciseTrackerTests.xctest */;
			productType = "com.apple.product-type.bundle.unit-test";
		};
		C48814062FA2F64000E57AF4 /* ExerciseTracker-Watch Watch App */ = {
			isa = PBXNativeTarget;
			buildConfigurationList = C48814122FA2F64200E57AF4 /* Build configuration list for PBXNativeTarget "ExerciseTracker-Watch Watch App" */;
			buildPhases = (
				C48814032FA2F64000E57AF4 /* Sources */,
				C48814042FA2F64000E57AF4 /* Frameworks */,
				C48814052FA2F64000E57AF4 /* Resources */,
			);
			buildRules = (
			);
			dependencies = (
			);
			fileSystemSynchronizedGroups = (
				C48814082FA2F64000E57AF4 /* ExerciseTracker-Watch Watch App */,
			);
			name = "ExerciseTracker-Watch Watch App";
			packageProductDependencies = (
			);
			productName = "ExerciseTracker-Watch Watch App";
			productReference = C48814072FA2F64000E57AF4 /* ExerciseTracker-Watch Watch App.app */;
			productType = "com.apple.product-type.application";
		};
/* End PBXNativeTarget section */

/* Begin PBXProject section */
		C0357E412F6E497100D81413 /* Project object */ = {
			isa = PBXProject;
			attributes = {
				BuildIndependentTargetsInParallel = 1;
				LastSwiftUpdateCheck = 2640;
				LastUpgradeCheck = 2640;
				TargetAttributes = {
					C0357E482F6E497100D81413 = {
						CreatedOnToolsVersion = 26.3;
					};
					C0357E6C2F6E4B7B00D81413 = {
						CreatedOnToolsVersion = 26.3;
						TestTargetID = C0357E482F6E497100D81413;
					};
					C48814062FA2F64000E57AF4 = {
						CreatedOnToolsVersion = 26.4.1;
					};
				};
			};
			buildConfigurationList = C0357E442F6E497100D81413 /* Build configuration list for PBXProject "ExerciseTracker-Kiro" */;
			developmentRegion = en;
			hasScannedForEncodings = 0;
			knownRegions = (
				en,
				Base,
			);
			mainGroup = C0357E402F6E497100D81413;
			minimizedProjectReferenceProxies = 1;
			packageReferences = (
				C0357E762F6E4BB100D81413 /* XCRemoteSwiftPackageReference "SwiftCheck" */,
			);
			preferredProjectObjectVersion = 77;
			productRefGroup = C0357E4A2F6E497100D81413 /* Products */;
			projectDirPath = "";
			projectRoot = "";
			targets = (
				C0357E482F6E497100D81413 /* ExerciseTracker-Kiro */,
				C0357E6C2F6E4B7B00D81413 /* ExerciseTrackerTests */,
				C48814062FA2F64000E57AF4 /* ExerciseTracker-Watch Watch App */,
			);
		};
/* End PBXProject section */

/* Begin PBXResourcesBuildPhase section */
		C0357E472F6E497100D81413 /* Resources */ = {
			isa = PBXResourcesBuildPhase;
			buildActionMask = 2147483647;
			files = (
			);
			runOnlyForDeploymentPostprocessing = 0;
		};
		C0357E6B2F6E4B7B00D81413 /* Resources */ = {
			isa = PBXResourcesBuildPhase;
			buildActionMask = 2147483647;
			files = (
			);
			runOnlyForDeploymentPostprocessing = 0;
		};
		C48814052FA2F64000E57AF4 /* Resources */ = {
			isa = PBXResourcesBuildPhase;
			buildActionMask = 2147483647;
			files = (
			);
			runOnlyForDeploymentPostprocessing = 0;
		};
/* End PBXResourcesBuildPhase section */

/* Begin PBXSourcesBuildPhase section */
		C0357E452F6E497100D81413 /* Sources */ = {
			isa = PBXSourcesBuildPhase;
			buildActionMask = 2147483647;
			files = (
			);
			runOnlyForDeploymentPostprocessing = 0;
		};
		C0357E692F6E4B7B00D81413 /* Sources */ = {
			isa = PBXSourcesBuildPhase;
			buildActionMask = 2147483647;
			files = (
			);
			runOnlyForDeploymentPostprocessing = 0;
		};
		C48814032FA2F64000E57AF4 /* Sources */ = {
			isa = PBXSourcesBuildPhase;
			buildActionMask = 2147483647;
			files = (
			);
			runOnlyForDeploymentPostprocessing = 0;
		};
/* End PBXSourcesBuildPhase section */

/* Begin PBXTargetDependency section */
		C0357E722F6E4B7B00D81413 /* PBXTargetDependency */ = {
			isa = PBXTargetDependency;
			target = C0357E482F6E497100D81413 /* ExerciseTracker-Kiro */;
			targetProxy = C0357E712F6E4B7B00D81413 /* PBXContainerItemProxy */;
		};
		C48814102FA2F64200E57AF4 /* PBXTargetDependency */ = {
			isa = PBXTargetDependency;
			target = C48814062FA2F64000E57AF4 /* ExerciseTracker-Watch Watch App */;
			targetProxy = C488140F2FA2F64200E57AF4 /* PBXContainerItemProxy */;
		};
/* End PBXTargetDependency section */

/* Begin XCBuildConfiguration section */
		C0357E542F6E497400D81413 /* Debug */ = {
			isa = XCBuildConfiguration;
			buildSettings = {
				ALWAYS_SEARCH_USER_PATHS = NO;
				ASSETCATALOG_COMPILER_GENERATE_SWIFT_ASSET_SYMBOL_EXTENSIONS = YES;
				CLANG_ANALYZER_NONNULL = YES;
				CLANG_ANALYZER_NUMBER_OBJECT_CONVERSION = YES_AGGRESSIVE;
				CLANG_CXX_LANGUAGE_STANDARD = "gnu++20";
				CLANG_ENABLE_MODULES = YES;
				CLANG_ENABLE_OBJC_ARC = YES;
				CLANG_ENABLE_OBJC_WEAK = YES;
				CLANG_WARN_BLOCK_CAPTURE_AUTORELEASING = YES;
				CLANG_WARN_BOOL_CONVERSION = YES;
				CLANG_WARN_COMMA = YES;
				CLANG_WARN_CONSTANT_CONVERSION = YES;
				CLANG_WARN_DEPRECATED_OBJC_IMPLEMENTATIONS = YES;
				CLANG_WARN_DIRECT_OBJC_ISA_USAGE = YES_ERROR;
				CLANG_WARN_DOCUMENTATION_COMMENTS = YES;
				CLANG_WARN_EMPTY_BODY = YES;
				CLANG_WARN_ENUM_CONVERSION = YES;
				CLANG_WARN_INFINITE_RECURSION = YES;
				CLANG_WARN_INT_CONVERSION = YES;
				CLANG_WARN_NON_LITERAL_NULL_CONVERSION = YES;
				CLANG_WARN_OBJC_IMPLICIT_RETAIN_SELF = YES;
				CLANG_WARN_OBJC_LITERAL_CONVERSION = YES;
				CLANG_WARN_OBJC_ROOT_CLASS = YES_ERROR;
				CLANG_WARN_QUOTED_INCLUDE_IN_FRAMEWORK_HEADER = YES;
				CLANG_WARN_RANGE_LOOP_ANALYSIS = YES;
				CLANG_WARN_STRICT_PROTOTYPES = YES;
				CLANG_WARN_SUSPICIOUS_MOVE = YES;
				CLANG_WARN_UNGUARDED_AVAILABILITY = YES_AGGRESSIVE;
				CLANG_WARN_UNREACHABLE_CODE = YES;
				CLANG_WARN__DUPLICATE_METHOD_MATCH = YES;
				COPY_PHASE_STRIP = NO;
				DEBUG_INFORMATION_FORMAT = dwarf;
				ENABLE_STRICT_OBJC_MSGSEND = YES;
				ENABLE_TESTABILITY = YES;
				ENABLE_USER_SCRIPT_SANDBOXING = YES;
				GCC_C_LANGUAGE_STANDARD = gnu17;
				GCC_DYNAMIC_NO_PIC = NO;
				GCC_NO_COMMON_BLOCKS = YES;
				GCC_OPTIMIZATION_LEVEL = 0;
				GCC_PREPROCESSOR_DEFINITIONS = (
					"DEBUG=1",
					"$(inherited)",
				);
				GCC_WARN_64_TO_32_BIT_CONVERSION = YES;
				GCC_WARN_ABOUT_RETURN_TYPE = YES_ERROR;
				GCC_WARN_UNDECLARED_SELECTOR = YES;
				GCC_WARN_UNINITIALIZED_AUTOS = YES_AGGRESSIVE;
				GCC_WARN_UNUSED_FUNCTION = YES;
				GCC_WARN_UNUSED_VARIABLE = YES;
				IPHONEOS_DEPLOYMENT_TARGET = 26.2;
				LOCALIZATION_PREFERS_STRING_CATALOGS = YES;
				MTL_ENABLE_DEBUG_INFO = INCLUDE_SOURCE;
				MTL_FAST_MATH = YES;
				ONLY_ACTIVE_ARCH = YES;
				SDKROOT = iphoneos;
				STRING_CATALOG_GENERATE_SYMBOLS = YES;
				SWIFT_ACTIVE_COMPILATION_CONDITIONS = "DEBUG $(inherited)";
				SWIFT_OPTIMIZATION_LEVEL = "-Onone";
			};
			name = Debug;
		};
		C0357E552F6E497400D81413 /* Release */ = {
			isa = XCBuildConfiguration;
			buildSettings = {
				ALWAYS_SEARCH_USER_PATHS = NO;
				ASSETCATALOG_COMPILER_GENERATE_SWIFT_ASSET_SYMBOL_EXTENSIONS = YES;
				CLANG_ANALYZER_NONNULL = YES;
				CLANG_ANALYZER_NUMBER_OBJECT_CONVERSION = YES_AGGRESSIVE;
				CLANG_CXX_LANGUAGE_STANDARD = "gnu++20";
				CLANG_ENABLE_MODULES = YES;
				CLANG_ENABLE_OBJC_ARC = YES;
				CLANG_ENABLE_OBJC_WEAK = YES;
				CLANG_WARN_BLOCK_CAPTURE_AUTORELEASING = YES;
				CLANG_WARN_BOOL_CONVERSION = YES;
				CLANG_WARN_COMMA = YES;
				CLANG_WARN_CONSTANT_CONVERSION = YES;
				CLANG_WARN_DEPRECATED_OBJC_IMPLEMENTATIONS = YES;
				CLANG_WARN_DIRECT_OBJC_ISA_USAGE = YES_ERROR;
				CLANG_WARN_DOCUMENTATION_COMMENTS = YES;
				CLANG_WARN_EMPTY_BODY = YES;
				CLANG_WARN_ENUM_CONVERSION = YES;
				CLANG_WARN_INFINITE_RECURSION = YES;
				CLANG_WARN_INT_CONVERSION = YES;
				CLANG_WARN_NON_LITERAL_NULL_CONVERSION = YES;
				CLANG_WARN_OBJC_IMPLICIT_RETAIN_SELF = YES;
				CLANG_WARN_OBJC_LITERAL_CONVERSION = YES;
				CLANG_WARN_OBJC_ROOT_CLASS = YES_ERROR;
				CLANG_WARN_QUOTED_INCLUDE_IN_FRAMEWORK_HEADER = YES;
				CLANG_WARN_RANGE_LOOP_ANALYSIS = YES;
				CLANG_WARN_STRICT_PROTOTYPES = YES;
				CLANG_WARN_SUSPICIOUS_MOVE = YES;
				CLANG_WARN_UNGUARDED_AVAILABILITY = YES_AGGRESSIVE;
				CLANG_WARN_UNREACHABLE_CODE = YES;
				CLANG_WARN__DUPLICATE_METHOD_MATCH = YES;
				COPY_PHASE_STRIP = NO;
				DEBUG_INFORMATION_FORMAT = "dwarf-with-dsym";
				ENABLE_NS_ASSERTIONS = NO;
				ENABLE_STRICT_OBJC_MSGSEND = YES;
				ENABLE_USER_SCRIPT_SANDBOXING = YES;
				GCC_C_LANGUAGE_STANDARD = gnu17;
				GCC_NO_COMMON_BLOCKS = YES;
				GCC_WARN_64_TO_32_BIT_CONVERSION = YES;
				GCC_WARN_ABOUT_RETURN_TYPE = YES_ERROR;
				GCC_WARN_UNDECLARED_SELECTOR = YES;
				GCC_WARN_UNINITIALIZED_AUTOS = YES_AGGRESSIVE;
				GCC_WARN_UNUSED_FUNCTION = YES;
				GCC_WARN_UNUSED_VARIABLE = YES;
				IPHONEOS_DEPLOYMENT_TARGET = 26.2;
				LOCALIZATION_PREFERS_STRING_CATALOGS = YES;
				MTL_ENABLE_DEBUG_INFO = NO;
				MTL_FAST_MATH = YES;
				SDKROOT = iphoneos;
				STRING_CATALOG_GENERATE_SYMBOLS = YES;
				SWIFT_COMPILATION_MODE = wholemodule;
				VALIDATE_PRODUCT = YES;
			};
			name = Release;
		};
		C0357E572F6E497400D81413 /* Debug */ = {
			isa = XCBuildConfiguration;
			buildSettings = {
				ASSETCATALOG_COMPILER_APPICON_NAME = AppIcon;
				ASSETCATALOG_COMPILER_GLOBAL_ACCENT_COLOR_NAME = AccentColor;
				CODE_SIGN_ENTITLEMENTS = "ExerciseTracker-Kiro/ExerciseTracker-Kiro.entitlements";
				CODE_SIGN_STYLE = Automatic;
				CURRENT_PROJECT_VERSION = 2;
				DEVELOPMENT_TEAM = F7S4J74K9F;
				ENABLE_PREVIEWS = YES;
				GENERATE_INFOPLIST_FILE = YES;
				INFOPLIST_FILE = "ExerciseTracker-Kiro/Info.plist";
				INFOPLIST_KEY_CFBundleDisplayName = "YM Exercise Tracker";
				INFOPLIST_KEY_LSApplicationCategoryType = "public.app-category.healthcare-fitness";
				INFOPLIST_KEY_NSHealthShareUsageDescription = "ExerciseTracker reads your workout and heart rate data to display cardio metrics.";
				INFOPLIST_KEY_NSHealthUpdateUsageDescription = "ExerciseTracker saves your workouts to Apple Health so all your fitness data is in one place.";
				INFOPLIST_KEY_NSPhotoLibraryAddUsageDescription = "ExerciseTracker saves the app icon image to your photo library so you can use it in Xcode.";
				INFOPLIST_KEY_UIApplicationSceneManifest_Generation = YES;
				INFOPLIST_KEY_UIApplicationSupportsIndirectInputEvents = YES;
				INFOPLIST_KEY_UILaunchScreen_Generation = YES;
				INFOPLIST_KEY_UISupportedInterfaceOrientations = "UIInterfaceOrientationLandscapeLeft UIInterfaceOrientationLandscapeRight UIInterfaceOrientationPortrait UIInterfaceOrientationPortraitUpsideDown";
				LD_RUNPATH_SEARCH_PATHS = (
					"$(inherited)",
					"@executable_path/Frameworks",
				);
				MARKETING_VERSION = 1.1;
				PRODUCT_BUNDLE_IDENTIFIER = "com.YoMurphCo.ExerciseTracker-Kiro";
				PRODUCT_NAME = "$(TARGET_NAME)";
				STRING_CATALOG_GENERATE_SYMBOLS = YES;
				SWIFT_APPROACHABLE_CONCURRENCY = YES;
				SWIFT_DEFAULT_ACTOR_ISOLATION = MainActor;
				SWIFT_EMIT_LOC_STRINGS = YES;
				SWIFT_UPCOMING_FEATURE_MEMBER_IMPORT_VISIBILITY = YES;
				SWIFT_VERSION = 5.0;
				TARGETED_DEVICE_FAMILY = "1,2";
			};
			name = Debug;
		};
		C0357E582F6E497400D81413 /* Release */ = {
			isa = XCBuildConfiguration;
			buildSettings = {
				ASSETCATALOG_COMPILER_APPICON_NAME = AppIcon;
				ASSETCATALOG_COMPILER_GLOBAL_ACCENT_COLOR_NAME = AccentColor;
				CODE_SIGN_ENTITLEMENTS = "ExerciseTracker-Kiro/ExerciseTracker-Kiro.entitlements";
				CODE_SIGN_STYLE = Automatic;
				CURRENT_PROJECT_VERSION = 2;
				DEVELOPMENT_TEAM = F7S4J74K9F;
				ENABLE_PREVIEWS = YES;
				GENERATE_INFOPLIST_FILE = YES;
				INFOPLIST_FILE = "ExerciseTracker-Kiro/Info.plist";
				INFOPLIST_KEY_CFBundleDisplayName = "YM Exercise Tracker";
				INFOPLIST_KEY_LSApplicationCategoryType = "public.app-category.healthcare-fitness";
				INFOPLIST_KEY_NSHealthShareUsageDescription = "ExerciseTracker reads your workout and heart rate data to display cardio metrics.";
				INFOPLIST_KEY_NSHealthUpdateUsageDescription = "ExerciseTracker saves your workouts to Apple Health so all your fitness data is in one place.";
				INFOPLIST_KEY_NSPhotoLibraryAddUsageDescription = "ExerciseTracker saves the app icon image to your photo library so you can use it in Xcode.";
				INFOPLIST_KEY_UIApplicationSceneManifest_Generation = YES;
				INFOPLIST_KEY_UIApplicationSupportsIndirectInputEvents = YES;
				INFOPLIST_KEY_UILaunchScreen_Generation = YES;
				INFOPLIST_KEY_UISupportedInterfaceOrientations = "UIInterfaceOrientationLandscapeLeft UIInterfaceOrientationLandscapeRight UIInterfaceOrientationPortrait UIInterfaceOrientationPortraitUpsideDown";
				LD_RUNPATH_SEARCH_PATHS = (
					"$(inherited)",
					"@executable_path/Frameworks",
				);
				MARKETING_VERSION = 1.1;
				PRODUCT_BUNDLE_IDENTIFIER = "com.YoMurphCo.ExerciseTracker-Kiro";
				PRODUCT_NAME = "$(TARGET_NAME)";
				STRING_CATALOG_GENERATE_SYMBOLS = YES;
				SWIFT_APPROACHABLE_CONCURRENCY = YES;
				SWIFT_DEFAULT_ACTOR_ISOLATION = MainActor;
				SWIFT_EMIT_LOC_STRINGS = YES;
				SWIFT_UPCOMING_FEATURE_MEMBER_IMPORT_VISIBILITY = YES;
				SWIFT_VERSION = 5.0;
				TARGETED_DEVICE_FAMILY = "1,2";
			};
			name = Release;
		};
		C0357E742F6E4B7B00D81413 /* Debug */ = {
			isa = XCBuildConfiguration;
			buildSettings = {
				BUNDLE_LOADER = "$(TEST_HOST)";
				CODE_SIGN_STYLE = Automatic;
				CURRENT_PROJECT_VERSION = 1;
				GENERATE_INFOPLIST_FILE = YES;
				MARKETING_VERSION = 1.0;
				PRODUCT_BUNDLE_IDENTIFIER = com.YoMurphCo.ExerciseTrackerTests;
				PRODUCT_NAME = "$(TARGET_NAME)";
				STRING_CATALOG_GENERATE_SYMBOLS = NO;
				SWIFT_APPROACHABLE_CONCURRENCY = YES;
				SWIFT_EMIT_LOC_STRINGS = NO;
				SWIFT_UPCOMING_FEATURE_MEMBER_IMPORT_VISIBILITY = YES;
				SWIFT_VERSION = 5.0;
				TARGETED_DEVICE_FAMILY = "1,2";
				TEST_HOST = "$(BUILT_PRODUCTS_DIR)/ExerciseTracker-Kiro.app/$(BUNDLE_EXECUTABLE_FOLDER_PATH)/ExerciseTracker-Kiro";
			};
			name = Debug;
		};
		C0357E752F6E4B7B00D81413 /* Release */ = {
			isa = XCBuildConfiguration;
			buildSettings = {
				BUNDLE_LOADER = "$(TEST_HOST)";
				CODE_SIGN_STYLE = Automatic;
				CURRENT_PROJECT_VERSION = 1;
				GENERATE_INFOPLIST_FILE = YES;
				MARKETING_VERSION = 1.0;
				PRODUCT_BUNDLE_IDENTIFIER = com.YoMurphCo.ExerciseTrackerTests;
				PRODUCT_NAME = "$(TARGET_NAME)";
				STRING_CATALOG_GENERATE_SYMBOLS = NO;
				SWIFT_APPROACHABLE_CONCURRENCY = YES;
				SWIFT_EMIT_LOC_STRINGS = NO;
				SWIFT_UPCOMING_FEATURE_MEMBER_IMPORT_VISIBILITY = YES;
				SWIFT_VERSION = 5.0;
				TARGETED_DEVICE_FAMILY = "1,2";
				TEST_HOST = "$(BUILT_PRODUCTS_DIR)/ExerciseTracker-Kiro.app/$(BUNDLE_EXECUTABLE_FOLDER_PATH)/ExerciseTracker-Kiro";
			};
			name = Release;
		};
		C48814132FA2F64200E57AF4 /* Debug */ = {
			isa = XCBuildConfiguration;
			buildSettings = {
				ASSETCATALOG_COMPILER_APPICON_NAME = AppIcon;
				ASSETCATALOG_COMPILER_GLOBAL_ACCENT_COLOR_NAME = AccentColor;
				CODE_SIGN_STYLE = Automatic;
				CURRENT_PROJECT_VERSION = 2;
				DEVELOPMENT_TEAM = F7S4J74K9F;
				ENABLE_PREVIEWS = YES;
				GENERATE_INFOPLIST_FILE = YES;
				INFOPLIST_KEY_CFBundleDisplayName = "ExerciseTracker-Watch";
				INFOPLIST_KEY_UISupportedInterfaceOrientations = "UIInterfaceOrientationPortrait UIInterfaceOrientationPortraitUpsideDown";
				INFOPLIST_KEY_WKCompanionAppBundleIdentifier = "com.YoMurphCo.ExerciseTracker-Kiro";
				LD_RUNPATH_SEARCH_PATHS = (
					"$(inherited)",
					"@executable_path/Frameworks",
				);
				MARKETING_VERSION = 1.1;
				PRODUCT_BUNDLE_IDENTIFIER = "com.YoMurphCo.ExerciseTracker-Kiro.watchkitapp";
				PRODUCT_NAME = "$(TARGET_NAME)";
				SDKROOT = watchos;
				SKIP_INSTALL = YES;
				STRING_CATALOG_GENERATE_SYMBOLS = YES;
				SWIFT_APPROACHABLE_CONCURRENCY = YES;
				SWIFT_DEFAULT_ACTOR_ISOLATION = MainActor;
				SWIFT_EMIT_LOC_STRINGS = YES;
				SWIFT_UPCOMING_FEATURE_MEMBER_IMPORT_VISIBILITY = YES;
				SWIFT_VERSION = 5.0;
				TARGETED_DEVICE_FAMILY = 4;
				WATCHOS_DEPLOYMENT_TARGET = 26.4;
			};
			name = Debug;
		};
		C48814142FA2F64200E57AF4 /* Release */ = {
			isa = XCBuildConfiguration;
			buildSettings = {
				ASSETCATALOG_COMPILER_APPICON_NAME = AppIcon;
				ASSETCATALOG_COMPILER_GLOBAL_ACCENT_COLOR_NAME = AccentColor;
				CODE_SIGN_STYLE = Automatic;
				CURRENT_PROJECT_VERSION = 2;
				DEVELOPMENT_TEAM = F7S4J74K9F;
				ENABLE_PREVIEWS = YES;
				GENERATE_INFOPLIST_FILE = YES;
				INFOPLIST_KEY_CFBundleDisplayName = "ExerciseTracker-Watch";
				INFOPLIST_KEY_UISupportedInterfaceOrientations = "UIInterfaceOrientationPortrait UIInterfaceOrientationPortraitUpsideDown";
				INFOPLIST_KEY_WKCompanionAppBundleIdentifier = "com.YoMurphCo.ExerciseTracker-Kiro";
				LD_RUNPATH_SEARCH_PATHS = (
					"$(inherited)",
					"@executable_path/Frameworks",
				);
				MARKETING_VERSION = 1.1;
				PRODUCT_BUNDLE_IDENTIFIER = "com.YoMurphCo.ExerciseTracker-Kiro.watchkitapp";
				PRODUCT_NAME = "$(TARGET_NAME)";
				SDKROOT = watchos;
				SKIP_INSTALL = YES;
				STRING_CATALOG_GENERATE_SYMBOLS = YES;
				SWIFT_APPROACHABLE_CONCURRENCY = YES;
				SWIFT_DEFAULT_ACTOR_ISOLATION = MainActor;
				SWIFT_EMIT_LOC_STRINGS = YES;
				SWIFT_UPCOMING_FEATURE_MEMBER_IMPORT_VISIBILITY = YES;
				SWIFT_VERSION = 5.0;
				TARGETED_DEVICE_FAMILY = 4;
				WATCHOS_DEPLOYMENT_TARGET = 26.4;
			};
			name = Release;
		};
/* End XCBuildConfiguration section */

/* Begin XCConfigurationList section */
		C0357E442F6E497100D81413 /* Build configuration list for PBXProject "ExerciseTracker-Kiro" */ = {
			isa = XCConfigurationList;
			buildConfigurations = (
				C0357E542F6E497400D81413 /* Debug */,
				C0357E552F6E497400D81413 /* Release */,
			);
			defaultConfigurationIsVisible = 0;
			defaultConfigurationName = Release;
		};
		C0357E562F6E497400D81413 /* Build configuration list for PBXNativeTarget "ExerciseTracker-Kiro" */ = {
			isa = XCConfigurationList;
			buildConfigurations = (
				C0357E572F6E497400D81413 /* Debug */,
				C0357E582F6E497400D81413 /* Release */,
			);
			defaultConfigurationIsVisible = 0;
			defaultConfigurationName = Release;
		};
		C0357E732F6E4B7B00D81413 /* Build configuration list for PBXNativeTarget "ExerciseTrackerTests" */ = {
			isa = XCConfigurationList;
			buildConfigurations = (
				C0357E742F6E4B7B00D81413 /* Debug */,
				C0357E752F6E4B7B00D81413 /* Release */,
			);
			defaultConfigurationIsVisible = 0;
			defaultConfigurationName = Release;
		};
		C48814122FA2F64200E57AF4 /* Build configuration list for PBXNativeTarget "ExerciseTracker-Watch Watch App" */ = {
			isa = XCConfigurationList;
			buildConfigurations = (
				C48814132FA2F64200E57AF4 /* Debug */,
				C48814142FA2F64200E57AF4 /* Release */,
			);
			defaultConfigurationIsVisible = 0;
			defaultConfigurationName = Release;
		};
/* End XCConfigurationList section */

/* Begin XCRemoteSwiftPackageReference section */
		C0357E762F6E4BB100D81413 /* XCRemoteSwiftPackageReference "SwiftCheck" */ = {
			isa = XCRemoteSwiftPackageReference;
			repositoryURL = "https://github.com/typelift/SwiftCheck";
			requirement = {
				kind = upToNextMajorVersion;
				minimumVersion = 0.12.0;
			};
		};
/* End XCRemoteSwiftPackageReference section */

/* Begin XCSwiftPackageProductDependency section */
		C0357E772F6E4BB100D81413 /* SwiftCheck */ = {
			isa = XCSwiftPackageProductDependency;
			package = C0357E762F6E4BB100D81413 /* XCRemoteSwiftPackageReference "SwiftCheck" */;
			productName = SwiftCheck;
		};
/* End XCSwiftPackageProductDependency section */
	};
	rootObject = C0357E412F6E497100D81413 /* Project object */;
}
